
Microsoft Visual Studio Solution File, Format Version 12.00
# Visual Studio Version 17
VisualStudioVersion = 17.6.33815.320
MinimumVisualStudioVersion = 10.0.40219.1
Project("{FAE04EC0-301F-11D3-BF4B-00C04F79EFBC}") = "ChatApp", "ChatApp\ChatApp.csproj", "{D10F4974-7297-4CEA-A5A9-6999AA8C547D}"
EndProject
Global
	GlobalSection(SolutionConfigurationPlatforms) = preSolution
		Debug|Any CPU = Debug|Any CPU
		Release|Any CPU = Release|Any CPU
	EndGlobalSection
	GlobalSection(ProjectConfigurationPlatforms) = postSolution
		{D10F4974-7297-4CEA-A5A9-6999AA8C547D}.Debug|Any CPU.ActiveCfg = Debug|Any CPU
		{D10F4974-7297-4CEA-A5A9-6999AA8C547D}.Debug|Any CPU.Build.0 = Debug|Any CPU
		{D10F4974-7297-4CEA-A5A9-6999AA8C547D}.Release|Any CPU.ActiveCfg = Release|Any CPU
		{D10F4974-7297-4CEA-A5A9-6999AA8C547D}.Release|Any CPU.Build.0 = Release|Any CPU
	EndGlobalSection
	GlobalSection(SolutionProperties) = preSolution
		HideSolutionNode = FALSE
	EndGlobalSection
	GlobalSection(ExtensibilityGlobals) = postSolution
		SolutionGuid = {D716ECE9-F9C1-4EA4-8D9D-22C4788EB9CB}
	EndGlobalSection
EndGlobal
